
Microsoft Visual Studio Solution File, Format Version 12.00
# Visual Studio Version 17
VisualStudioVersion = 17.4.33103.184
MinimumVisualStudioVersion = 10.0.40219.1
Project("{9A19103F-16F7-4668-BE54-9A1E7A4F7556}") = "NCF.Template", "NCF.Template.csproj", "{DFA7984C-0FB3-4D49-A81E-AFE684DC3B3F}"
EndProject
Global
	GlobalSection(SolutionConfigurationPlatforms) = preSolution
		Debug|Any CPU = Debug|Any CPU
		Release|Any CPU = Release|Any CPU
	EndGlobalSection
	GlobalSection(ProjectConfigurationPlatforms) = postSolution
		{DFA7984C-0FB3-4D49-A81E-AFE684DC3B3F}.Debug|Any CPU.ActiveCfg = Debug|Any CPU
		{DFA7984C-0FB3-4D49-A81E-AFE684DC3B3F}.Debug|Any CPU.Build.0 = Debug|Any CPU
		{DFA7984C-0FB3-4D49-A81E-AFE684DC3B3F}.Release|Any CPU.ActiveCfg = Release|Any CPU
		{DFA7984C-0FB3-4D49-A81E-AFE684DC3B3F}.Release|Any CPU.Build.0 = Release|Any CPU
	EndGlobalSection
	GlobalSection(SolutionProperties) = preSolution
		HideSolutionNode = FALSE
	EndGlobalSection
	GlobalSection(ExtensibilityGlobals) = postSolution
		SolutionGuid = {3BD0AB3E-3CD2-4EE5-B991-4B787A25AE4A}
	EndGlobalSection
EndGlobal
