
Microsoft Visual Studio Solution File, Format Version 12.00
# Visual Studio Version 16
VisualStudioVersion = 16.0.28803.202
MinimumVisualStudioVersion = 10.0.40219.1
Project("{2150E333-8FDC-42A3-9474-1A3956D46DE8}") = "Tests", "Tests", "{4D53646F-67EE-430A-8B50-9600CFACF434}"
EndProject
Project("{2150E333-8FDC-42A3-9474-1A3956D46DE8}") = "UnusualUsing", "UnusualUsing", "{836380F1-2B33-494B-845B-BA6D6D7C5B25}"
EndProject
Project("{9A19103F-16F7-4668-BE54-9A1E7A4F7556}") = "Senparc.Core", "Senparc.Core\Senparc.Core.csproj", "{D0EF2816-B99A-4554-964A-6EA6814B3A36}"
EndProject
Project("{9A19103F-16F7-4668-BE54-9A1E7A4F7556}") = "Senparc.Utility", "Senparc.Utility\Senparc.Utility.csproj", "{1A683FAB-A012-4CC5-B1B7-388CDF5DE8A7}"
EndProject
Project("{9A19103F-16F7-4668-BE54-9A1E7A4F7556}") = "Senparc.Log", "Senparc.Log\Senparc.Log.csproj", "{64D79F02-D976-40B3-A4F0-8C6E968FDF81}"
EndProject
Project("{9A19103F-16F7-4668-BE54-9A1E7A4F7556}") = "Senparc.ImageUtility", "Senparc.ImageUtility\Senparc.ImageUtility.csproj", "{A6D7E855-160A-4306-B6C8-8A98B5498F3C}"
EndProject
Project("{9A19103F-16F7-4668-BE54-9A1E7A4F7556}") = "Senparc.Service", "Senparc.Service\Senparc.Service.csproj", "{AC522370-CEAC-4E82-8977-252CC01B0C74}"
EndProject
Project("{9A19103F-16F7-4668-BE54-9A1E7A4F7556}") = "Senparc.Threads", "Senparc.Threads\Senparc.Threads.csproj", "{D49FEC12-5B6B-4C4A-BAE4-C57AA6CD8C3F}"
EndProject
Project("{9A19103F-16F7-4668-BE54-9A1E7A4F7556}") = "Senparc.Web.UI", "Senparc.Web.UI\Senparc.Web.UI.csproj", "{42A68A49-DD0A-42F9-921E-881D5A495CAC}"
EndProject
Project("{2150E333-8FDC-42A3-9474-1A3956D46DE8}") = "XncfModules", "XncfModules", "{76FC86E0-991D-47B7-8AAB-42B27DAB10C1}"
EndProject
Project("{9A19103F-16F7-4668-BE54-9A1E7A4F7556}") = "Senparc.Office", "Senparc.Office\Senparc.Office.csproj", "{3CBB8B92-1174-412E-A11D-8725475A1A10}"
EndProject
Project("{9A19103F-16F7-4668-BE54-9A1E7A4F7556}") = "Senparc.File", "Senparc.File\Senparc.File.csproj", "{C3922FF1-35E6-409B-AA13-8FD23155F17F}"
EndProject
Project("{9A19103F-16F7-4668-BE54-9A1E7A4F7556}") = "Senparc.Respository", "Senparc.Respository\Senparc.Respository.csproj", "{2113FA9C-09AE-4129-BC8F-E7D901E1A1A1}"
EndProject
Project("{9A19103F-16F7-4668-BE54-9A1E7A4F7556}") = "Senparc.SMS", "Senparc.SMS\Senparc.SMS.csproj", "{0EF46B61-ABEE-43C9-A174-7EEE8A5FEE81}"
EndProject
Project("{9A19103F-16F7-4668-BE54-9A1E7A4F7556}") = "Senparc.Services.Tests", "Senparc.Services.Tests\Senparc.Services.Tests.csproj", "{7EEB1B5C-2025-4191-8639-01AA2808171B}"
EndProject
Project("{9A19103F-16F7-4668-BE54-9A1E7A4F7556}") = "Senparc.SMS.Tests", "Senparc.SMS.Tests\Senparc.SMS.Tests.csproj", "{DFF2FDD1-7520-4122-95EF-FE16D8B355D9}"
EndProject
Project("{2150E333-8FDC-42A3-9474-1A3956D46DE8}") = "Solution Items", "Solution Items", "{744DC83D-AFEC-4833-9040-B427F5134D4B}"
	ProjectSection(SolutionItems) = preProject
		..\README.md = ..\README.md
	EndProjectSection
EndProject
Project("{9A19103F-16F7-4668-BE54-9A1E7A4F7556}") = "Senparc.Web", "Senparc.Web\Senparc.Web.csproj", "{6F3C7D09-7FA4-41B5-9E91-945DB61DEB48}"
EndProject
Project("{9A19103F-16F7-4668-BE54-9A1E7A4F7556}") = "Senparc.Areas.Admin", "Senparc.Areas.Admin\Senparc.Areas.Admin.csproj", "{346475E8-6E39-4AA9-896F-893DC47AD3D7}"
EndProject
Project("{9A19103F-16F7-4668-BE54-9A1E7A4F7556}") = "MyExtensionCode", "XncfExtensionSample\MyExtensionCode\MyExtensionCode.csproj", "{F843D239-088B-420C-9559-2D334CDAB279}"
EndProject
Project("{9A19103F-16F7-4668-BE54-9A1E7A4F7556}") = "Senparc.Web.FirefoxDriverTest", "Senparc.Web.FirefoxDriverTest\Senparc.Web.FirefoxDriverTest.csproj", "{22B88A11-137D-42FB-9ED0-AC15A3FF651F}"
EndProject
Project("{2150E333-8FDC-42A3-9474-1A3956D46DE8}") = "ToBeRemove", "ToBeRemove", "{E4294BAF-3854-4321-9C69-C2F12AEFE270}"
EndProject
Project("{2150E333-8FDC-42A3-9474-1A3956D46DE8}") = "DevelopmentTools", "DevelopmentTools", "{65AE49F1-A695-4473-A78D-BD673A4B032F}"
EndProject
Project("{9A19103F-16F7-4668-BE54-9A1E7A4F7556}") = "Senparc.Web.DatabasePlant", "Senparc.Web.DatabasePlant\Senparc.Web.DatabasePlant.csproj", "{1C8D4D4B-E005-4F05-ADEF-534A4415AD7E}"
EndProject
Global
	GlobalSection(SolutionConfigurationPlatforms) = preSolution
		Debug|Any CPU = Debug|Any CPU
		Release|Any CPU = Release|Any CPU
		Test|Any CPU = Test|Any CPU
	EndGlobalSection
	GlobalSection(ProjectConfigurationPlatforms) = postSolution
		{D0EF2816-B99A-4554-964A-6EA6814B3A36}.Debug|Any CPU.ActiveCfg = Debug|Any CPU
		{D0EF2816-B99A-4554-964A-6EA6814B3A36}.Debug|Any CPU.Build.0 = Debug|Any CPU
		{D0EF2816-B99A-4554-964A-6EA6814B3A36}.Release|Any CPU.ActiveCfg = Release|Any CPU
		{D0EF2816-B99A-4554-964A-6EA6814B3A36}.Release|Any CPU.Build.0 = Release|Any CPU
		{D0EF2816-B99A-4554-964A-6EA6814B3A36}.Test|Any CPU.ActiveCfg = Release|Any CPU
		{D0EF2816-B99A-4554-964A-6EA6814B3A36}.Test|Any CPU.Build.0 = Release|Any CPU
		{1A683FAB-A012-4CC5-B1B7-388CDF5DE8A7}.Debug|Any CPU.ActiveCfg = Debug|Any CPU
		{1A683FAB-A012-4CC5-B1B7-388CDF5DE8A7}.Debug|Any CPU.Build.0 = Debug|Any CPU
		{1A683FAB-A012-4CC5-B1B7-388CDF5DE8A7}.Release|Any CPU.ActiveCfg = Release|Any CPU
		{1A683FAB-A012-4CC5-B1B7-388CDF5DE8A7}.Release|Any CPU.Build.0 = Release|Any CPU
		{1A683FAB-A012-4CC5-B1B7-388CDF5DE8A7}.Test|Any CPU.ActiveCfg = Release|Any CPU
		{1A683FAB-A012-4CC5-B1B7-388CDF5DE8A7}.Test|Any CPU.Build.0 = Release|Any CPU
		{64D79F02-D976-40B3-A4F0-8C6E968FDF81}.Debug|Any CPU.ActiveCfg = Debug|Any CPU
		{64D79F02-D976-40B3-A4F0-8C6E968FDF81}.Debug|Any CPU.Build.0 = Debug|Any CPU
		{64D79F02-D976-40B3-A4F0-8C6E968FDF81}.Release|Any CPU.ActiveCfg = Release|Any CPU
		{64D79F02-D976-40B3-A4F0-8C6E968FDF81}.Release|Any CPU.Build.0 = Release|Any CPU
		{64D79F02-D976-40B3-A4F0-8C6E968FDF81}.Test|Any CPU.ActiveCfg = Release|Any CPU
		{64D79F02-D976-40B3-A4F0-8C6E968FDF81}.Test|Any CPU.Build.0 = Release|Any CPU
		{A6D7E855-160A-4306-B6C8-8A98B5498F3C}.Debug|Any CPU.ActiveCfg = Debug|Any CPU
		{A6D7E855-160A-4306-B6C8-8A98B5498F3C}.Debug|Any CPU.Build.0 = Debug|Any CPU
		{A6D7E855-160A-4306-B6C8-8A98B5498F3C}.Release|Any CPU.ActiveCfg = Release|Any CPU
		{A6D7E855-160A-4306-B6C8-8A98B5498F3C}.Release|Any CPU.Build.0 = Release|Any CPU
		{A6D7E855-160A-4306-B6C8-8A98B5498F3C}.Test|Any CPU.ActiveCfg = Release|Any CPU
		{A6D7E855-160A-4306-B6C8-8A98B5498F3C}.Test|Any CPU.Build.0 = Release|Any CPU
		{AC522370-CEAC-4E82-8977-252CC01B0C74}.Debug|Any CPU.ActiveCfg = Debug|Any CPU
		{AC522370-CEAC-4E82-8977-252CC01B0C74}.Debug|Any CPU.Build.0 = Debug|Any CPU
		{AC522370-CEAC-4E82-8977-252CC01B0C74}.Release|Any CPU.ActiveCfg = Release|Any CPU
		{AC522370-CEAC-4E82-8977-252CC01B0C74}.Release|Any CPU.Build.0 = Release|Any CPU
		{AC522370-CEAC-4E82-8977-252CC01B0C74}.Test|Any CPU.ActiveCfg = Release|Any CPU
		{AC522370-CEAC-4E82-8977-252CC01B0C74}.Test|Any CPU.Build.0 = Release|Any CPU
		{D49FEC12-5B6B-4C4A-BAE4-C57AA6CD8C3F}.Debug|Any CPU.ActiveCfg = Debug|Any CPU
		{D49FEC12-5B6B-4C4A-BAE4-C57AA6CD8C3F}.Debug|Any CPU.Build.0 = Debug|Any CPU
		{D49FEC12-5B6B-4C4A-BAE4-C57AA6CD8C3F}.Release|Any CPU.ActiveCfg = Release|Any CPU
		{D49FEC12-5B6B-4C4A-BAE4-C57AA6CD8C3F}.Release|Any CPU.Build.0 = Release|Any CPU
		{D49FEC12-5B6B-4C4A-BAE4-C57AA6CD8C3F}.Test|Any CPU.ActiveCfg = Release|Any CPU
		{D49FEC12-5B6B-4C4A-BAE4-C57AA6CD8C3F}.Test|Any CPU.Build.0 = Release|Any CPU
		{42A68A49-DD0A-42F9-921E-881D5A495CAC}.Debug|Any CPU.ActiveCfg = Debug|Any CPU
		{42A68A49-DD0A-42F9-921E-881D5A495CAC}.Debug|Any CPU.Build.0 = Debug|Any CPU
		{42A68A49-DD0A-42F9-921E-881D5A495CAC}.Release|Any CPU.ActiveCfg = Release|Any CPU
		{42A68A49-DD0A-42F9-921E-881D5A495CAC}.Release|Any CPU.Build.0 = Release|Any CPU
		{42A68A49-DD0A-42F9-921E-881D5A495CAC}.Test|Any CPU.ActiveCfg = Release|Any CPU
		{42A68A49-DD0A-42F9-921E-881D5A495CAC}.Test|Any CPU.Build.0 = Release|Any CPU
		{3CBB8B92-1174-412E-A11D-8725475A1A10}.Debug|Any CPU.ActiveCfg = Debug|Any CPU
		{3CBB8B92-1174-412E-A11D-8725475A1A10}.Debug|Any CPU.Build.0 = Debug|Any CPU
		{3CBB8B92-1174-412E-A11D-8725475A1A10}.Release|Any CPU.ActiveCfg = Release|Any CPU
		{3CBB8B92-1174-412E-A11D-8725475A1A10}.Release|Any CPU.Build.0 = Release|Any CPU
		{3CBB8B92-1174-412E-A11D-8725475A1A10}.Test|Any CPU.ActiveCfg = Release|Any CPU
		{3CBB8B92-1174-412E-A11D-8725475A1A10}.Test|Any CPU.Build.0 = Release|Any CPU
		{C3922FF1-35E6-409B-AA13-8FD23155F17F}.Debug|Any CPU.ActiveCfg = Debug|Any CPU
		{C3922FF1-35E6-409B-AA13-8FD23155F17F}.Debug|Any CPU.Build.0 = Debug|Any CPU
		{C3922FF1-35E6-409B-AA13-8FD23155F17F}.Release|Any CPU.ActiveCfg = Release|Any CPU
		{C3922FF1-35E6-409B-AA13-8FD23155F17F}.Release|Any CPU.Build.0 = Release|Any CPU
		{C3922FF1-35E6-409B-AA13-8FD23155F17F}.Test|Any CPU.ActiveCfg = Release|Any CPU
		{C3922FF1-35E6-409B-AA13-8FD23155F17F}.Test|Any CPU.Build.0 = Release|Any CPU
		{2113FA9C-09AE-4129-BC8F-E7D901E1A1A1}.Debug|Any CPU.ActiveCfg = Debug|Any CPU
		{2113FA9C-09AE-4129-BC8F-E7D901E1A1A1}.Debug|Any CPU.Build.0 = Debug|Any CPU
		{2113FA9C-09AE-4129-BC8F-E7D901E1A1A1}.Release|Any CPU.ActiveCfg = Release|Any CPU
		{2113FA9C-09AE-4129-BC8F-E7D901E1A1A1}.Release|Any CPU.Build.0 = Release|Any CPU
		{2113FA9C-09AE-4129-BC8F-E7D901E1A1A1}.Test|Any CPU.ActiveCfg = Release|Any CPU
		{2113FA9C-09AE-4129-BC8F-E7D901E1A1A1}.Test|Any CPU.Build.0 = Release|Any CPU
		{0EF46B61-ABEE-43C9-A174-7EEE8A5FEE81}.Debug|Any CPU.ActiveCfg = Debug|Any CPU
		{0EF46B61-ABEE-43C9-A174-7EEE8A5FEE81}.Debug|Any CPU.Build.0 = Debug|Any CPU
		{0EF46B61-ABEE-43C9-A174-7EEE8A5FEE81}.Release|Any CPU.ActiveCfg = Release|Any CPU
		{0EF46B61-ABEE-43C9-A174-7EEE8A5FEE81}.Release|Any CPU.Build.0 = Release|Any CPU
		{0EF46B61-ABEE-43C9-A174-7EEE8A5FEE81}.Test|Any CPU.ActiveCfg = Release|Any CPU
		{0EF46B61-ABEE-43C9-A174-7EEE8A5FEE81}.Test|Any CPU.Build.0 = Release|Any CPU
		{7EEB1B5C-2025-4191-8639-01AA2808171B}.Debug|Any CPU.ActiveCfg = Debug|Any CPU
		{7EEB1B5C-2025-4191-8639-01AA2808171B}.Debug|Any CPU.Build.0 = Debug|Any CPU
		{7EEB1B5C-2025-4191-8639-01AA2808171B}.Release|Any CPU.ActiveCfg = Release|Any CPU
		{7EEB1B5C-2025-4191-8639-01AA2808171B}.Test|Any CPU.ActiveCfg = Release|Any CPU
		{7EEB1B5C-2025-4191-8639-01AA2808171B}.Test|Any CPU.Build.0 = Release|Any CPU
		{DFF2FDD1-7520-4122-95EF-FE16D8B355D9}.Debug|Any CPU.ActiveCfg = Debug|Any CPU
		{DFF2FDD1-7520-4122-95EF-FE16D8B355D9}.Debug|Any CPU.Build.0 = Debug|Any CPU
		{DFF2FDD1-7520-4122-95EF-FE16D8B355D9}.Release|Any CPU.ActiveCfg = Release|Any CPU
		{DFF2FDD1-7520-4122-95EF-FE16D8B355D9}.Test|Any CPU.ActiveCfg = Release|Any CPU
		{DFF2FDD1-7520-4122-95EF-FE16D8B355D9}.Test|Any CPU.Build.0 = Release|Any CPU
		{6F3C7D09-7FA4-41B5-9E91-945DB61DEB48}.Debug|Any CPU.ActiveCfg = Debug|Any CPU
		{6F3C7D09-7FA4-41B5-9E91-945DB61DEB48}.Debug|Any CPU.Build.0 = Debug|Any CPU
		{6F3C7D09-7FA4-41B5-9E91-945DB61DEB48}.Release|Any CPU.ActiveCfg = Release|Any CPU
		{6F3C7D09-7FA4-41B5-9E91-945DB61DEB48}.Release|Any CPU.Build.0 = Release|Any CPU
		{6F3C7D09-7FA4-41B5-9E91-945DB61DEB48}.Test|Any CPU.ActiveCfg = Release|Any CPU
		{346475E8-6E39-4AA9-896F-893DC47AD3D7}.Debug|Any CPU.ActiveCfg = Debug|Any CPU
		{346475E8-6E39-4AA9-896F-893DC47AD3D7}.Debug|Any CPU.Build.0 = Debug|Any CPU
		{346475E8-6E39-4AA9-896F-893DC47AD3D7}.Release|Any CPU.ActiveCfg = Release|Any CPU
		{346475E8-6E39-4AA9-896F-893DC47AD3D7}.Release|Any CPU.Build.0 = Release|Any CPU
		{346475E8-6E39-4AA9-896F-893DC47AD3D7}.Test|Any CPU.ActiveCfg = Release|Any CPU
		{346475E8-6E39-4AA9-896F-893DC47AD3D7}.Test|Any CPU.Build.0 = Release|Any CPU
		{F843D239-088B-420C-9559-2D334CDAB279}.Debug|Any CPU.ActiveCfg = Debug|Any CPU
		{F843D239-088B-420C-9559-2D334CDAB279}.Debug|Any CPU.Build.0 = Debug|Any CPU
		{F843D239-088B-420C-9559-2D334CDAB279}.Release|Any CPU.ActiveCfg = Release|Any CPU
		{F843D239-088B-420C-9559-2D334CDAB279}.Release|Any CPU.Build.0 = Release|Any CPU
		{F843D239-088B-420C-9559-2D334CDAB279}.Test|Any CPU.ActiveCfg = Debug|Any CPU
		{F843D239-088B-420C-9559-2D334CDAB279}.Test|Any CPU.Build.0 = Debug|Any CPU
		{22B88A11-137D-42FB-9ED0-AC15A3FF651F}.Debug|Any CPU.ActiveCfg = Debug|Any CPU
		{22B88A11-137D-42FB-9ED0-AC15A3FF651F}.Debug|Any CPU.Build.0 = Debug|Any CPU
		{22B88A11-137D-42FB-9ED0-AC15A3FF651F}.Release|Any CPU.ActiveCfg = Release|Any CPU
		{22B88A11-137D-42FB-9ED0-AC15A3FF651F}.Release|Any CPU.Build.0 = Release|Any CPU
		{22B88A11-137D-42FB-9ED0-AC15A3FF651F}.Test|Any CPU.ActiveCfg = Debug|Any CPU
		{22B88A11-137D-42FB-9ED0-AC15A3FF651F}.Test|Any CPU.Build.0 = Debug|Any CPU
		{1C8D4D4B-E005-4F05-ADEF-534A4415AD7E}.Debug|Any CPU.ActiveCfg = Debug|Any CPU
		{1C8D4D4B-E005-4F05-ADEF-534A4415AD7E}.Debug|Any CPU.Build.0 = Debug|Any CPU
		{1C8D4D4B-E005-4F05-ADEF-534A4415AD7E}.Release|Any CPU.ActiveCfg = Release|Any CPU
		{1C8D4D4B-E005-4F05-ADEF-534A4415AD7E}.Test|Any CPU.ActiveCfg = Debug|Any CPU
		{1C8D4D4B-E005-4F05-ADEF-534A4415AD7E}.Test|Any CPU.Build.0 = Debug|Any CPU
	EndGlobalSection
	GlobalSection(SolutionProperties) = preSolution
		HideSolutionNode = FALSE
	EndGlobalSection
	GlobalSection(NestedProjects) = preSolution
		{1A683FAB-A012-4CC5-B1B7-388CDF5DE8A7} = {836380F1-2B33-494B-845B-BA6D6D7C5B25}
		{64D79F02-D976-40B3-A4F0-8C6E968FDF81} = {836380F1-2B33-494B-845B-BA6D6D7C5B25}
		{A6D7E855-160A-4306-B6C8-8A98B5498F3C} = {836380F1-2B33-494B-845B-BA6D6D7C5B25}
		{D49FEC12-5B6B-4C4A-BAE4-C57AA6CD8C3F} = {836380F1-2B33-494B-845B-BA6D6D7C5B25}
		{42A68A49-DD0A-42F9-921E-881D5A495CAC} = {836380F1-2B33-494B-845B-BA6D6D7C5B25}
		{3CBB8B92-1174-412E-A11D-8725475A1A10} = {836380F1-2B33-494B-845B-BA6D6D7C5B25}
		{C3922FF1-35E6-409B-AA13-8FD23155F17F} = {836380F1-2B33-494B-845B-BA6D6D7C5B25}
		{2113FA9C-09AE-4129-BC8F-E7D901E1A1A1} = {836380F1-2B33-494B-845B-BA6D6D7C5B25}
		{0EF46B61-ABEE-43C9-A174-7EEE8A5FEE81} = {836380F1-2B33-494B-845B-BA6D6D7C5B25}
		{7EEB1B5C-2025-4191-8639-01AA2808171B} = {4D53646F-67EE-430A-8B50-9600CFACF434}
		{DFF2FDD1-7520-4122-95EF-FE16D8B355D9} = {4D53646F-67EE-430A-8B50-9600CFACF434}
		{346475E8-6E39-4AA9-896F-893DC47AD3D7} = {76FC86E0-991D-47B7-8AAB-42B27DAB10C1}
		{22B88A11-137D-42FB-9ED0-AC15A3FF651F} = {4D53646F-67EE-430A-8B50-9600CFACF434}
		{1C8D4D4B-E005-4F05-ADEF-534A4415AD7E} = {65AE49F1-A695-4473-A78D-BD673A4B032F}
	EndGlobalSection
	GlobalSection(ExtensibilityGlobals) = postSolution
		SolutionGuid = {7427A6C9-D522-4B10-B0AC-607D69736B50}
	EndGlobalSection
EndGlobal
